
Microsoft Visual Studio Solution File, Format Version 12.00
# Visual Studio 2012
Project("{FAE04EC0-301F-11D3-BF4B-00C04F79EFBC}") = "Shidi_Wang_Project", "Shidi_Wang_Project\Shidi_Wang_Project.csproj", "{68233927-CC84-4E7D-8FCD-1996417FBAA8}"
EndProject
Project("{FAE04EC0-301F-11D3-BF4B-00C04F79EFBC}") = "GameFramework_Win8", "..\GameFramework\GameFramework_Win8.csproj", "{3170EDDE-1192-4D19-A3DD-3874BA0E000E}"
EndProject
Global
	GlobalSection(SolutionConfigurationPlatforms) = preSolution
		Android|Any CPU = Android|Any CPU
		Android|ARM = Android|ARM
		Android|Mixed Platforms = Android|Mixed Platforms
		Android|x64 = Android|x64
		Android|x86 = Android|x86
		Debug|Any CPU = Debug|Any CPU
		Debug|ARM = Debug|ARM
		Debug|Mixed Platforms = Debug|Mixed Platforms
		Debug|x64 = Debug|x64
		Debug|x86 = Debug|x86
		iOS|Any CPU = iOS|Any CPU
		iOS|ARM = iOS|ARM
		iOS|Mixed Platforms = iOS|Mixed Platforms
		iOS|x64 = iOS|x64
		iOS|x86 = iOS|x86
		Linux|Any CPU = Linux|Any CPU
		Linux|ARM = Linux|ARM
		Linux|Mixed Platforms = Linux|Mixed Platforms
		Linux|x64 = Linux|x64
		Linux|x86 = Linux|x86
		OSX|Any CPU = OSX|Any CPU
		OSX|ARM = OSX|ARM
		OSX|Mixed Platforms = OSX|Mixed Platforms
		OSX|x64 = OSX|x64
		OSX|x86 = OSX|x86
		PSM|Any CPU = PSM|Any CPU
		PSM|ARM = PSM|ARM
		PSM|Mixed Platforms = PSM|Mixed Platforms
		PSM|x64 = PSM|x64
		PSM|x86 = PSM|x86
		Release|Any CPU = Release|Any CPU
		Release|ARM = Release|ARM
		Release|Mixed Platforms = Release|Mixed Platforms
		Release|x64 = Release|x64
		Release|x86 = Release|x86
		Windows|Any CPU = Windows|Any CPU
		Windows|ARM = Windows|ARM
		Windows|Mixed Platforms = Windows|Mixed Platforms
		Windows|x64 = Windows|x64
		Windows|x86 = Windows|x86
		Windows8|Any CPU = Windows8|Any CPU
		Windows8|ARM = Windows8|ARM
		Windows8|Mixed Platforms = Windows8|Mixed Platforms
		Windows8|x64 = Windows8|x64
		Windows8|x86 = Windows8|x86
	EndGlobalSection
	GlobalSection(ProjectConfigurationPlatforms) = postSolution
		{68233927-CC84-4E7D-8FCD-1996417FBAA8}.Android|Any CPU.ActiveCfg = Release|Any CPU
		{68233927-CC84-4E7D-8FCD-1996417FBAA8}.Android|Any CPU.Build.0 = Release|Any CPU
		{68233927-CC84-4E7D-8FCD-1996417FBAA8}.Android|Any CPU.Deploy.0 = Release|Any CPU
		{68233927-CC84-4E7D-8FCD-1996417FBAA8}.Android|ARM.ActiveCfg = Release|ARM
		{68233927-CC84-4E7D-8FCD-1996417FBAA8}.Android|ARM.Build.0 = Release|ARM
		{68233927-CC84-4E7D-8FCD-1996417FBAA8}.Android|ARM.Deploy.0 = Release|ARM
		{68233927-CC84-4E7D-8FCD-1996417FBAA8}.Android|Mixed Platforms.ActiveCfg = Release|x86
		{68233927-CC84-4E7D-8FCD-1996417FBAA8}.Android|Mixed Platforms.Build.0 = Release|x86
		{68233927-CC84-4E7D-8FCD-1996417FBAA8}.Android|Mixed Platforms.Deploy.0 = Release|x86
		{68233927-CC84-4E7D-8FCD-1996417FBAA8}.Android|x64.ActiveCfg = Release|x64
		{68233927-CC84-4E7D-8FCD-1996417FBAA8}.Android|x64.Build.0 = Release|x64
		{68233927-CC84-4E7D-8FCD-1996417FBAA8}.Android|x64.Deploy.0 = Release|x64
		{68233927-CC84-4E7D-8FCD-1996417FBAA8}.Android|x86.ActiveCfg = Release|x86
		{68233927-CC84-4E7D-8FCD-1996417FBAA8}.Android|x86.Build.0 = Release|x86
		{68233927-CC84-4E7D-8FCD-1996417FBAA8}.Android|x86.Deploy.0 = Release|x86
		{68233927-CC84-4E7D-8FCD-1996417FBAA8}.Debug|Any CPU.ActiveCfg = Debug|Any CPU
		{68233927-CC84-4E7D-8FCD-1996417FBAA8}.Debug|Any CPU.Build.0 = Debug|Any CPU
		{68233927-CC84-4E7D-8FCD-1996417FBAA8}.Debug|Any CPU.Deploy.0 = Debug|Any CPU
		{68233927-CC84-4E7D-8FCD-1996417FBAA8}.Debug|ARM.ActiveCfg = Debug|ARM
		{68233927-CC84-4E7D-8FCD-1996417FBAA8}.Debug|ARM.Build.0 = Debug|ARM
		{68233927-CC84-4E7D-8FCD-1996417FBAA8}.Debug|ARM.Deploy.0 = Debug|ARM
		{68233927-CC84-4E7D-8FCD-1996417FBAA8}.Debug|Mixed Platforms.ActiveCfg = Debug|x86
		{68233927-CC84-4E7D-8FCD-1996417FBAA8}.Debug|Mixed Platforms.Build.0 = Debug|x86
		{68233927-CC84-4E7D-8FCD-1996417FBAA8}.Debug|Mixed Platforms.Deploy.0 = Debug|x86
		{68233927-CC84-4E7D-8FCD-1996417FBAA8}.Debug|x64.ActiveCfg = Debug|x64
		{68233927-CC84-4E7D-8FCD-1996417FBAA8}.Debug|x64.Build.0 = Debug|x64
		{68233927-CC84-4E7D-8FCD-1996417FBAA8}.Debug|x64.Deploy.0 = Debug|x64
		{68233927-CC84-4E7D-8FCD-1996417FBAA8}.Debug|x86.ActiveCfg = Debug|x86
		{68233927-CC84-4E7D-8FCD-1996417FBAA8}.Debug|x86.Build.0 = Debug|x86
		{68233927-CC84-4E7D-8FCD-1996417FBAA8}.Debug|x86.Deploy.0 = Debug|x86
		{68233927-CC84-4E7D-8FCD-1996417FBAA8}.iOS|Any CPU.ActiveCfg = Release|Any CPU
		{68233927-CC84-4E7D-8FCD-1996417FBAA8}.iOS|Any CPU.Build.0 = Release|Any CPU
		{68233927-CC84-4E7D-8FCD-1996417FBAA8}.iOS|Any CPU.Deploy.0 = Release|Any CPU
		{68233927-CC84-4E7D-8FCD-1996417FBAA8}.iOS|ARM.ActiveCfg = Release|ARM
		{68233927-CC84-4E7D-8FCD-1996417FBAA8}.iOS|ARM.Build.0 = Release|ARM
		{68233927-CC84-4E7D-8FCD-1996417FBAA8}.iOS|ARM.Deploy.0 = Release|ARM
		{68233927-CC84-4E7D-8FCD-1996417FBAA8}.iOS|Mixed Platforms.ActiveCfg = Release|x86
		{68233927-CC84-4E7D-8FCD-1996417FBAA8}.iOS|Mixed Platforms.Build.0 = Release|x86
		{68233927-CC84-4E7D-8FCD-1996417FBAA8}.iOS|Mixed Platforms.Deploy.0 = Release|x86
		{68233927-CC84-4E7D-8FCD-1996417FBAA8}.iOS|x64.ActiveCfg = Release|x64
		{68233927-CC84-4E7D-8FCD-1996417FBAA8}.iOS|x64.Build.0 = Release|x64
		{68233927-CC84-4E7D-8FCD-1996417FBAA8}.iOS|x64.Deploy.0 = Release|x64
		{68233927-CC84-4E7D-8FCD-1996417FBAA8}.iOS|x86.ActiveCfg = Release|x86
		{68233927-CC84-4E7D-8FCD-1996417FBAA8}.iOS|x86.Build.0 = Release|x86
		{68233927-CC84-4E7D-8FCD-1996417FBAA8}.iOS|x86.Deploy.0 = Release|x86
		{68233927-CC84-4E7D-8FCD-1996417FBAA8}.Linux|Any CPU.ActiveCfg = Release|Any CPU
		{68233927-CC84-4E7D-8FCD-1996417FBAA8}.Linux|Any CPU.Build.0 = Release|Any CPU
		{68233927-CC84-4E7D-8FCD-1996417FBAA8}.Linux|Any CPU.Deploy.0 = Release|Any CPU
		{68233927-CC84-4E7D-8FCD-1996417FBAA8}.Linux|ARM.ActiveCfg = Release|ARM
		{68233927-CC84-4E7D-8FCD-1996417FBAA8}.Linux|ARM.Build.0 = Release|ARM
		{68233927-CC84-4E7D-8FCD-1996417FBAA8}.Linux|ARM.Deploy.0 = Release|ARM
		{68233927-CC84-4E7D-8FCD-1996417FBAA8}.Linux|Mixed Platforms.ActiveCfg = Release|x86
		{68233927-CC84-4E7D-8FCD-1996417FBAA8}.Linux|Mixed Platforms.Build.0 = Release|x86
		{68233927-CC84-4E7D-8FCD-1996417FBAA8}.Linux|Mixed Platforms.Deploy.0 = Release|x86
		{68233927-CC84-4E7D-8FCD-1996417FBAA8}.Linux|x64.ActiveCfg = Release|x64
		{68233927-CC84-4E7D-8FCD-1996417FBAA8}.Linux|x64.Build.0 = Release|x64
		{68233927-CC84-4E7D-8FCD-1996417FBAA8}.Linux|x64.Deploy.0 = Release|x64
		{68233927-CC84-4E7D-8FCD-1996417FBAA8}.Linux|x86.ActiveCfg = Release|x86
		{68233927-CC84-4E7D-8FCD-1996417FBAA8}.Linux|x86.Build.0 = Release|x86
		{68233927-CC84-4E7D-8FCD-1996417FBAA8}.Linux|x86.Deploy.0 = Release|x86
		{68233927-CC84-4E7D-8FCD-1996417FBAA8}.OSX|Any CPU.ActiveCfg = Release|Any CPU
		{68233927-CC84-4E7D-8FCD-1996417FBAA8}.OSX|Any CPU.Build.0 = Release|Any CPU
		{68233927-CC84-4E7D-8FCD-1996417FBAA8}.OSX|Any CPU.Deploy.0 = Release|Any CPU
		{68233927-CC84-4E7D-8FCD-1996417FBAA8}.OSX|ARM.ActiveCfg = Release|ARM
		{68233927-CC84-4E7D-8FCD-1996417FBAA8}.OSX|ARM.Build.0 = Release|ARM
		{68233927-CC84-4E7D-8FCD-1996417FBAA8}.OSX|ARM.Deploy.0 = Release|ARM
		{68233927-CC84-4E7D-8FCD-1996417FBAA8}.OSX|Mixed Platforms.ActiveCfg = Release|x86
		{68233927-CC84-4E7D-8FCD-1996417FBAA8}.OSX|Mixed Platforms.Build.0 = Release|x86
		{68233927-CC84-4E7D-8FCD-1996417FBAA8}.OSX|Mixed Platforms.Deploy.0 = Release|x86
		{68233927-CC84-4E7D-8FCD-1996417FBAA8}.OSX|x64.ActiveCfg = Release|x64
		{68233927-CC84-4E7D-8FCD-1996417FBAA8}.OSX|x64.Build.0 = Release|x64
		{68233927-CC84-4E7D-8FCD-1996417FBAA8}.OSX|x64.Deploy.0 = Release|x64
		{68233927-CC84-4E7D-8FCD-1996417FBAA8}.OSX|x86.ActiveCfg = Release|x86
		{68233927-CC84-4E7D-8FCD-1996417FBAA8}.OSX|x86.Build.0 = Release|x86
		{68233927-CC84-4E7D-8FCD-1996417FBAA8}.OSX|x86.Deploy.0 = Release|x86
		{68233927-CC84-4E7D-8FCD-1996417FBAA8}.PSM|Any CPU.ActiveCfg = Release|Any CPU
		{68233927-CC84-4E7D-8FCD-1996417FBAA8}.PSM|Any CPU.Build.0 = Release|Any CPU
		{68233927-CC84-4E7D-8FCD-1996417FBAA8}.PSM|Any CPU.Deploy.0 = Release|Any CPU
		{68233927-CC84-4E7D-8FCD-1996417FBAA8}.PSM|ARM.ActiveCfg = Release|ARM
		{68233927-CC84-4E7D-8FCD-1996417FBAA8}.PSM|ARM.Build.0 = Release|ARM
		{68233927-CC84-4E7D-8FCD-1996417FBAA8}.PSM|ARM.Deploy.0 = Release|ARM
		{68233927-CC84-4E7D-8FCD-1996417FBAA8}.PSM|Mixed Platforms.ActiveCfg = Release|x86
		{68233927-CC84-4E7D-8FCD-1996417FBAA8}.PSM|Mixed Platforms.Build.0 = Release|x86
		{68233927-CC84-4E7D-8FCD-1996417FBAA8}.PSM|Mixed Platforms.Deploy.0 = Release|x86
		{68233927-CC84-4E7D-8FCD-1996417FBAA8}.PSM|x64.ActiveCfg = Release|x64
		{68233927-CC84-4E7D-8FCD-1996417FBAA8}.PSM|x64.Build.0 = Release|x64
		{68233927-CC84-4E7D-8FCD-1996417FBAA8}.PSM|x64.Deploy.0 = Release|x64
		{68233927-CC84-4E7D-8FCD-1996417FBAA8}.PSM|x86.ActiveCfg = Release|x86
		{68233927-CC84-4E7D-8FCD-1996417FBAA8}.PSM|x86.Build.0 = Release|x86
		{68233927-CC84-4E7D-8FCD-1996417FBAA8}.PSM|x86.Deploy.0 = Release|x86
		{68233927-CC84-4E7D-8FCD-1996417FBAA8}.Release|Any CPU.ActiveCfg = Release|Any CPU
		{68233927-CC84-4E7D-8FCD-1996417FBAA8}.Release|Any CPU.Build.0 = Release|Any CPU
		{68233927-CC84-4E7D-8FCD-1996417FBAA8}.Release|Any CPU.Deploy.0 = Release|Any CPU
		{68233927-CC84-4E7D-8FCD-1996417FBAA8}.Release|ARM.ActiveCfg = Release|ARM
		{68233927-CC84-4E7D-8FCD-1996417FBAA8}.Release|ARM.Build.0 = Release|ARM
		{68233927-CC84-4E7D-8FCD-1996417FBAA8}.Release|ARM.Deploy.0 = Release|ARM
		{68233927-CC84-4E7D-8FCD-1996417FBAA8}.Release|Mixed Platforms.ActiveCfg = Release|x86
		{68233927-CC84-4E7D-8FCD-1996417FBAA8}.Release|Mixed Platforms.Build.0 = Release|x86
		{68233927-CC84-4E7D-8FCD-1996417FBAA8}.Release|Mixed Platforms.Deploy.0 = Release|x86
		{68233927-CC84-4E7D-8FCD-1996417FBAA8}.Release|x64.ActiveCfg = Release|x64
		{68233927-CC84-4E7D-8FCD-1996417FBAA8}.Release|x64.Build.0 = Release|x64
		{68233927-CC84-4E7D-8FCD-1996417FBAA8}.Release|x64.Deploy.0 = Release|x64
		{68233927-CC84-4E7D-8FCD-1996417FBAA8}.Release|x86.ActiveCfg = Release|x86
		{68233927-CC84-4E7D-8FCD-1996417FBAA8}.Release|x86.Build.0 = Release|x86
		{68233927-CC84-4E7D-8FCD-1996417FBAA8}.Release|x86.Deploy.0 = Release|x86
		{68233927-CC84-4E7D-8FCD-1996417FBAA8}.Windows|Any CPU.ActiveCfg = Release|Any CPU
		{68233927-CC84-4E7D-8FCD-1996417FBAA8}.Windows|Any CPU.Build.0 = Release|Any CPU
		{68233927-CC84-4E7D-8FCD-1996417FBAA8}.Windows|Any CPU.Deploy.0 = Release|Any CPU
		{68233927-CC84-4E7D-8FCD-1996417FBAA8}.Windows|ARM.ActiveCfg = Release|ARM
		{68233927-CC84-4E7D-8FCD-1996417FBAA8}.Windows|ARM.Build.0 = Release|ARM
		{68233927-CC84-4E7D-8FCD-1996417FBAA8}.Windows|ARM.Deploy.0 = Release|ARM
		{68233927-CC84-4E7D-8FCD-1996417FBAA8}.Windows|Mixed Platforms.ActiveCfg = Release|x86
		{68233927-CC84-4E7D-8FCD-1996417FBAA8}.Windows|Mixed Platforms.Build.0 = Release|x86
		{68233927-CC84-4E7D-8FCD-1996417FBAA8}.Windows|Mixed Platforms.Deploy.0 = Release|x86
		{68233927-CC84-4E7D-8FCD-1996417FBAA8}.Windows|x64.ActiveCfg = Release|x64
		{68233927-CC84-4E7D-8FCD-1996417FBAA8}.Windows|x64.Build.0 = Release|x64
		{68233927-CC84-4E7D-8FCD-1996417FBAA8}.Windows|x64.Deploy.0 = Release|x64
		{68233927-CC84-4E7D-8FCD-1996417FBAA8}.Windows|x86.ActiveCfg = Release|x86
		{68233927-CC84-4E7D-8FCD-1996417FBAA8}.Windows|x86.Build.0 = Release|x86
		{68233927-CC84-4E7D-8FCD-1996417FBAA8}.Windows|x86.Deploy.0 = Release|x86
		{68233927-CC84-4E7D-8FCD-1996417FBAA8}.Windows8|Any CPU.ActiveCfg = Release|Any CPU
		{68233927-CC84-4E7D-8FCD-1996417FBAA8}.Windows8|Any CPU.Build.0 = Release|Any CPU
		{68233927-CC84-4E7D-8FCD-1996417FBAA8}.Windows8|Any CPU.Deploy.0 = Release|Any CPU
		{68233927-CC84-4E7D-8FCD-1996417FBAA8}.Windows8|ARM.ActiveCfg = Release|ARM
		{68233927-CC84-4E7D-8FCD-1996417FBAA8}.Windows8|ARM.Build.0 = Release|ARM
		{68233927-CC84-4E7D-8FCD-1996417FBAA8}.Windows8|ARM.Deploy.0 = Release|ARM
		{68233927-CC84-4E7D-8FCD-1996417FBAA8}.Windows8|Mixed Platforms.ActiveCfg = Release|x86
		{68233927-CC84-4E7D-8FCD-1996417FBAA8}.Windows8|Mixed Platforms.Build.0 = Release|x86
		{68233927-CC84-4E7D-8FCD-1996417FBAA8}.Windows8|Mixed Platforms.Deploy.0 = Release|x86
		{68233927-CC84-4E7D-8FCD-1996417FBAA8}.Windows8|x64.ActiveCfg = Release|x64
		{68233927-CC84-4E7D-8FCD-1996417FBAA8}.Windows8|x64.Build.0 = Release|x64
		{68233927-CC84-4E7D-8FCD-1996417FBAA8}.Windows8|x64.Deploy.0 = Release|x64
		{68233927-CC84-4E7D-8FCD-1996417FBAA8}.Windows8|x86.ActiveCfg = Release|x86
		{68233927-CC84-4E7D-8FCD-1996417FBAA8}.Windows8|x86.Build.0 = Release|x86
		{68233927-CC84-4E7D-8FCD-1996417FBAA8}.Windows8|x86.Deploy.0 = Release|x86
		{3170EDDE-1192-4D19-A3DD-3874BA0E000E}.Android|Any CPU.ActiveCfg = Release|Any CPU
		{3170EDDE-1192-4D19-A3DD-3874BA0E000E}.Android|Any CPU.Build.0 = Release|Any CPU
		{3170EDDE-1192-4D19-A3DD-3874BA0E000E}.Android|ARM.ActiveCfg = Release|ARM
		{3170EDDE-1192-4D19-A3DD-3874BA0E000E}.Android|ARM.Build.0 = Release|ARM
		{3170EDDE-1192-4D19-A3DD-3874BA0E000E}.Android|Mixed Platforms.ActiveCfg = Release|x86
		{3170EDDE-1192-4D19-A3DD-3874BA0E000E}.Android|Mixed Platforms.Build.0 = Release|x86
		{3170EDDE-1192-4D19-A3DD-3874BA0E000E}.Android|x64.ActiveCfg = Release|x64
		{3170EDDE-1192-4D19-A3DD-3874BA0E000E}.Android|x64.Build.0 = Release|x64
		{3170EDDE-1192-4D19-A3DD-3874BA0E000E}.Android|x86.ActiveCfg = Release|x86
		{3170EDDE-1192-4D19-A3DD-3874BA0E000E}.Android|x86.Build.0 = Release|x86
		{3170EDDE-1192-4D19-A3DD-3874BA0E000E}.Debug|Any CPU.ActiveCfg = Debug|Any CPU
		{3170EDDE-1192-4D19-A3DD-3874BA0E000E}.Debug|Any CPU.Build.0 = Debug|Any CPU
		{3170EDDE-1192-4D19-A3DD-3874BA0E000E}.Debug|ARM.ActiveCfg = Debug|ARM
		{3170EDDE-1192-4D19-A3DD-3874BA0E000E}.Debug|ARM.Build.0 = Debug|ARM
		{3170EDDE-1192-4D19-A3DD-3874BA0E000E}.Debug|Mixed Platforms.ActiveCfg = Debug|x86
		{3170EDDE-1192-4D19-A3DD-3874BA0E000E}.Debug|Mixed Platforms.Build.0 = Debug|x86
		{3170EDDE-1192-4D19-A3DD-3874BA0E000E}.Debug|x64.ActiveCfg = Debug|x64
		{3170EDDE-1192-4D19-A3DD-3874BA0E000E}.Debug|x64.Build.0 = Debug|x64
		{3170EDDE-1192-4D19-A3DD-3874BA0E000E}.Debug|x86.ActiveCfg = Debug|x86
		{3170EDDE-1192-4D19-A3DD-3874BA0E000E}.Debug|x86.Build.0 = Debug|x86
		{3170EDDE-1192-4D19-A3DD-3874BA0E000E}.iOS|Any CPU.ActiveCfg = Release|Any CPU
		{3170EDDE-1192-4D19-A3DD-3874BA0E000E}.iOS|Any CPU.Build.0 = Release|Any CPU
		{3170EDDE-1192-4D19-A3DD-3874BA0E000E}.iOS|ARM.ActiveCfg = Release|ARM
		{3170EDDE-1192-4D19-A3DD-3874BA0E000E}.iOS|ARM.Build.0 = Release|ARM
		{3170EDDE-1192-4D19-A3DD-3874BA0E000E}.iOS|Mixed Platforms.ActiveCfg = Release|x86
		{3170EDDE-1192-4D19-A3DD-3874BA0E000E}.iOS|Mixed Platforms.Build.0 = Release|x86
		{3170EDDE-1192-4D19-A3DD-3874BA0E000E}.iOS|x64.ActiveCfg = Release|x64
		{3170EDDE-1192-4D19-A3DD-3874BA0E000E}.iOS|x64.Build.0 = Release|x64
		{3170EDDE-1192-4D19-A3DD-3874BA0E000E}.iOS|x86.ActiveCfg = Release|x86
		{3170EDDE-1192-4D19-A3DD-3874BA0E000E}.iOS|x86.Build.0 = Release|x86
		{3170EDDE-1192-4D19-A3DD-3874BA0E000E}.Linux|Any CPU.ActiveCfg = Release|Any CPU
		{3170EDDE-1192-4D19-A3DD-3874BA0E000E}.Linux|Any CPU.Build.0 = Release|Any CPU
		{3170EDDE-1192-4D19-A3DD-3874BA0E000E}.Linux|ARM.ActiveCfg = Release|ARM
		{3170EDDE-1192-4D19-A3DD-3874BA0E000E}.Linux|ARM.Build.0 = Release|ARM
		{3170EDDE-1192-4D19-A3DD-3874BA0E000E}.Linux|Mixed Platforms.ActiveCfg = Release|x86
		{3170EDDE-1192-4D19-A3DD-3874BA0E000E}.Linux|Mixed Platforms.Build.0 = Release|x86
		{3170EDDE-1192-4D19-A3DD-3874BA0E000E}.Linux|x64.ActiveCfg = Release|x64
		{3170EDDE-1192-4D19-A3DD-3874BA0E000E}.Linux|x64.Build.0 = Release|x64
		{3170EDDE-1192-4D19-A3DD-3874BA0E000E}.Linux|x86.ActiveCfg = Release|x86
		{3170EDDE-1192-4D19-A3DD-3874BA0E000E}.Linux|x86.Build.0 = Release|x86
		{3170EDDE-1192-4D19-A3DD-3874BA0E000E}.OSX|Any CPU.ActiveCfg = Release|Any CPU
		{3170EDDE-1192-4D19-A3DD-3874BA0E000E}.OSX|Any CPU.Build.0 = Release|Any CPU
		{3170EDDE-1192-4D19-A3DD-3874BA0E000E}.OSX|ARM.ActiveCfg = Release|ARM
		{3170EDDE-1192-4D19-A3DD-3874BA0E000E}.OSX|ARM.Build.0 = Release|ARM
		{3170EDDE-1192-4D19-A3DD-3874BA0E000E}.OSX|Mixed Platforms.ActiveCfg = Release|x86
		{3170EDDE-1192-4D19-A3DD-3874BA0E000E}.OSX|Mixed Platforms.Build.0 = Release|x86
		{3170EDDE-1192-4D19-A3DD-3874BA0E000E}.OSX|x64.ActiveCfg = Release|x64
		{3170EDDE-1192-4D19-A3DD-3874BA0E000E}.OSX|x64.Build.0 = Release|x64
		{3170EDDE-1192-4D19-A3DD-3874BA0E000E}.OSX|x86.ActiveCfg = Release|x86
		{3170EDDE-1192-4D19-A3DD-3874BA0E000E}.OSX|x86.Build.0 = Release|x86
		{3170EDDE-1192-4D19-A3DD-3874BA0E000E}.PSM|Any CPU.ActiveCfg = Release|Any CPU
		{3170EDDE-1192-4D19-A3DD-3874BA0E000E}.PSM|Any CPU.Build.0 = Release|Any CPU
		{3170EDDE-1192-4D19-A3DD-3874BA0E000E}.PSM|ARM.ActiveCfg = Release|ARM
		{3170EDDE-1192-4D19-A3DD-3874BA0E000E}.PSM|ARM.Build.0 = Release|ARM
		{3170EDDE-1192-4D19-A3DD-3874BA0E000E}.PSM|Mixed Platforms.ActiveCfg = Release|x86
		{3170EDDE-1192-4D19-A3DD-3874BA0E000E}.PSM|Mixed Platforms.Build.0 = Release|x86
		{3170EDDE-1192-4D19-A3DD-3874BA0E000E}.PSM|x64.ActiveCfg = Release|x64
		{3170EDDE-1192-4D19-A3DD-3874BA0E000E}.PSM|x64.Build.0 = Release|x64
		{3170EDDE-1192-4D19-A3DD-3874BA0E000E}.PSM|x86.ActiveCfg = Release|x86
		{3170EDDE-1192-4D19-A3DD-3874BA0E000E}.PSM|x86.Build.0 = Release|x86
		{3170EDDE-1192-4D19-A3DD-3874BA0E000E}.Release|Any CPU.ActiveCfg = Release|Any CPU
		{3170EDDE-1192-4D19-A3DD-3874BA0E000E}.Release|Any CPU.Build.0 = Release|Any CPU
		{3170EDDE-1192-4D19-A3DD-3874BA0E000E}.Release|ARM.ActiveCfg = Release|ARM
		{3170EDDE-1192-4D19-A3DD-3874BA0E000E}.Release|ARM.Build.0 = Release|ARM
		{3170EDDE-1192-4D19-A3DD-3874BA0E000E}.Release|Mixed Platforms.ActiveCfg = Release|x86
		{3170EDDE-1192-4D19-A3DD-3874BA0E000E}.Release|Mixed Platforms.Build.0 = Release|x86
		{3170EDDE-1192-4D19-A3DD-3874BA0E000E}.Release|x64.ActiveCfg = Release|x64
		{3170EDDE-1192-4D19-A3DD-3874BA0E000E}.Release|x64.Build.0 = Release|x64
		{3170EDDE-1192-4D19-A3DD-3874BA0E000E}.Release|x86.ActiveCfg = Release|x86
		{3170EDDE-1192-4D19-A3DD-3874BA0E000E}.Release|x86.Build.0 = Release|x86
		{3170EDDE-1192-4D19-A3DD-3874BA0E000E}.Windows|Any CPU.ActiveCfg = Release|Any CPU
		{3170EDDE-1192-4D19-A3DD-3874BA0E000E}.Windows|Any CPU.Build.0 = Release|Any CPU
		{3170EDDE-1192-4D19-A3DD-3874BA0E000E}.Windows|ARM.ActiveCfg = Release|ARM
		{3170EDDE-1192-4D19-A3DD-3874BA0E000E}.Windows|ARM.Build.0 = Release|ARM
		{3170EDDE-1192-4D19-A3DD-3874BA0E000E}.Windows|Mixed Platforms.ActiveCfg = Release|x86
		{3170EDDE-1192-4D19-A3DD-3874BA0E000E}.Windows|Mixed Platforms.Build.0 = Release|x86
		{3170EDDE-1192-4D19-A3DD-3874BA0E000E}.Windows|x64.ActiveCfg = Release|x64
		{3170EDDE-1192-4D19-A3DD-3874BA0E000E}.Windows|x64.Build.0 = Release|x64
		{3170EDDE-1192-4D19-A3DD-3874BA0E000E}.Windows|x86.ActiveCfg = Release|x86
		{3170EDDE-1192-4D19-A3DD-3874BA0E000E}.Windows|x86.Build.0 = Release|x86
		{3170EDDE-1192-4D19-A3DD-3874BA0E000E}.Windows8|Any CPU.ActiveCfg = Release|Any CPU
		{3170EDDE-1192-4D19-A3DD-3874BA0E000E}.Windows8|Any CPU.Build.0 = Release|Any CPU
		{3170EDDE-1192-4D19-A3DD-3874BA0E000E}.Windows8|ARM.ActiveCfg = Release|ARM
		{3170EDDE-1192-4D19-A3DD-3874BA0E000E}.Windows8|ARM.Build.0 = Release|ARM
		{3170EDDE-1192-4D19-A3DD-3874BA0E000E}.Windows8|Mixed Platforms.ActiveCfg = Release|x86
		{3170EDDE-1192-4D19-A3DD-3874BA0E000E}.Windows8|Mixed Platforms.Build.0 = Release|x86
		{3170EDDE-1192-4D19-A3DD-3874BA0E000E}.Windows8|x64.ActiveCfg = Release|x64
		{3170EDDE-1192-4D19-A3DD-3874BA0E000E}.Windows8|x64.Build.0 = Release|x64
		{3170EDDE-1192-4D19-A3DD-3874BA0E000E}.Windows8|x86.ActiveCfg = Release|x86
		{3170EDDE-1192-4D19-A3DD-3874BA0E000E}.Windows8|x86.Build.0 = Release|x86
	EndGlobalSection
	GlobalSection(SolutionProperties) = preSolution
		HideSolutionNode = FALSE
	EndGlobalSection
EndGlobal
